
Microsoft Visual Studio Solution File, Format Version 12.00
# Visual Studio Version 16
VisualStudioVersion = 16.0.30413.136
MinimumVisualStudioVersion = 10.0.40219.1
Project("{9A19103F-16F7-4668-BE54-9A1E7A4F7556}") = "PCM.UI", "PCM.UI\PCM.UI.csproj", "{28BED13E-E175-4652-BE47-C2383E0AF174}"
EndProject
Project("{9A19103F-16F7-4668-BE54-9A1E7A4F7556}") = "PCM.Data", "PCM.Data\PCM.Data.csproj", "{C0002352-069C-4277-B860-43760BC04DF5}"
EndProject
Project("{9A19103F-16F7-4668-BE54-9A1E7A4F7556}") = "PCM.DTO", "PCM.DTO\PCM.DTO.csproj", "{1ABBA4FD-DAC6-40B2-B8A0-CD7F5593E6FD}"
EndProject
Project("{9A19103F-16F7-4668-BE54-9A1E7A4F7556}") = "PCM.Core", "PCM.Core\PCM.Core.csproj", "{C6B4C227-FF5F-4C6A-B0FC-8E4FE0DE3058}"
EndProject
Global
	GlobalSection(SolutionConfigurationPlatforms) = preSolution
		Debug|Any CPU = Debug|Any CPU
		Release|Any CPU = Release|Any CPU
	EndGlobalSection
	GlobalSection(ProjectConfigurationPlatforms) = postSolution
		{28BED13E-E175-4652-BE47-C2383E0AF174}.Debug|Any CPU.ActiveCfg = Debug|Any CPU
		{28BED13E-E175-4652-BE47-C2383E0AF174}.Debug|Any CPU.Build.0 = Debug|Any CPU
		{28BED13E-E175-4652-BE47-C2383E0AF174}.Release|Any CPU.ActiveCfg = Release|Any CPU
		{28BED13E-E175-4652-BE47-C2383E0AF174}.Release|Any CPU.Build.0 = Release|Any CPU
		{C0002352-069C-4277-B860-43760BC04DF5}.Debug|Any CPU.ActiveCfg = Debug|Any CPU
		{C0002352-069C-4277-B860-43760BC04DF5}.Debug|Any CPU.Build.0 = Debug|Any CPU
		{C0002352-069C-4277-B860-43760BC04DF5}.Release|Any CPU.ActiveCfg = Release|Any CPU
		{C0002352-069C-4277-B860-43760BC04DF5}.Release|Any CPU.Build.0 = Release|Any CPU
		{1ABBA4FD-DAC6-40B2-B8A0-CD7F5593E6FD}.Debug|Any CPU.ActiveCfg = Debug|Any CPU
		{1ABBA4FD-DAC6-40B2-B8A0-CD7F5593E6FD}.Debug|Any CPU.Build.0 = Debug|Any CPU
		{1ABBA4FD-DAC6-40B2-B8A0-CD7F5593E6FD}.Release|Any CPU.ActiveCfg = Release|Any CPU
		{1ABBA4FD-DAC6-40B2-B8A0-CD7F5593E6FD}.Release|Any CPU.Build.0 = Release|Any CPU
		{C6B4C227-FF5F-4C6A-B0FC-8E4FE0DE3058}.Debug|Any CPU.ActiveCfg = Debug|Any CPU
		{C6B4C227-FF5F-4C6A-B0FC-8E4FE0DE3058}.Debug|Any CPU.Build.0 = Debug|Any CPU
		{C6B4C227-FF5F-4C6A-B0FC-8E4FE0DE3058}.Release|Any CPU.ActiveCfg = Release|Any CPU
		{C6B4C227-FF5F-4C6A-B0FC-8E4FE0DE3058}.Release|Any CPU.Build.0 = Release|Any CPU
	EndGlobalSection
	GlobalSection(SolutionProperties) = preSolution
		HideSolutionNode = FALSE
	EndGlobalSection
	GlobalSection(ExtensibilityGlobals) = postSolution
		SolutionGuid = {663A9D19-0F7C-4315-9C87-4DFCD12CF613}
	EndGlobalSection
EndGlobal
